lockfileVersion: '9.0'

settings:
  autoInstallPeers: true
  excludeLinksFromLockfile: false

importers:

  .:
    dependencies:
      quickchart-js:
        specifier: ^4.0.0
        version: 4.0.0

packages:

  javascript-stringify@2.1.0:
    resolution: {integrity: sha512-JVAfqNPTvNq3sB/VHQJAFxN/sPgKnsKrCwyRt15zwNCdrMMJDdcEOdubuy+DuJYYdm0ox1J4uzEuYKkN+9yhVg==}

  quickchart-js@4.0.0:
    resolution: {integrity: sha512-PRUePqFvtLkwiDIXFWV7ELL7ya9YVPU7pAMzGRpz4nfCjjK3GXS5XSynPF64ZLwlqsIuEjf+Ei2W1PmoUiJCrQ==}
    engines: {node: '>=18'}

snapshots:

  javascript-stringify@2.1.0: {}

  quickchart-js@4.0.0:
    dependencies:
      javascript-stringify: 2.1.0
